// !$*UTF8*$!
{
	archiveVersion = 1;
	classes = {
	};
	objectVersion = 46;
	objects = {

/* Begin PBXBuildFile section */
		904A28451E5E66E8009EF2B7 /* UserNotifications.framework in Frameworks */ = {isa = PBXBuildFile; fileRef = 904A28441E5E66E8009EF2B7 /* UserNotifications.framework */; };
		904A28471E5E66E8009EF2B7 /* UserNotificationsUI.framework in Frameworks */ = {isa = PBXBuildFile; fileRef = 904A28461E5E66E8009EF2B7 /* UserNotificationsUI.framework */; };
		904A284A1E5E66E8009EF2B7 /* NotificationViewController.swift in Sources */ = {isa = PBXBuildFile; fileRef = 904A28491E5E66E8009EF2B7 /* NotificationViewController.swift */; };
		904A284D1E5E66E8009EF2B7 /* MainInterface.storyboard in Resources */ = {isa = PBXBuildFile; fileRef = 904A284B1E5E66E8009EF2B7 /* MainInterface.storyboard */; };
		904A28511E5E66E8009EF2B7 /* notification.appex in Embed App Extensions */ = {isa = PBXBuildFile; fileRef = 904A28421E5E66E8009EF2B7 /* notification.appex */; settings = {ATTRIBUTES = (RemoveHeadersOnCopy, ); }; };
		90868EF31E9FFABD001E1798 /* CommonLocationManager.swift in Sources */ = {isa = PBXBuildFile; fileRef = 90868EF21E9FFABD001E1798 /* CommonLocationManager.swift */; };
		90A9EB211E6E049100C76B2C /* CameraAlertManager.swift in Sources */ = {isa = PBXBuildFile; fileRef = 90A9EB201E6E049100C76B2C /* CameraAlertManager.swift */; };
		90B8B2011E678F3F00A1AEF1 /* todo.txt in Resources */ = {isa = PBXBuildFile; fileRef = 90B8B2001E678F3F00A1AEF1 /* todo.txt */; };
		90CCE97F1DF214B3000FD386 /* AppDelegate.swift in Sources */ = {isa = PBXBuildFile; fileRef = 90CCE97E1DF214B3000FD386 /* AppDelegate.swift */; };
		90CCE9811DF214B3000FD386 /* MapViewController.swift in Sources */ = {isa = PBXBuildFile; fileRef = 90CCE9801DF214B3000FD386 /* MapViewController.swift */; };
		90CCE9831DF214B3000FD386 /* OtherViewController.swift in Sources */ = {isa = PBXBuildFile; fileRef = 90CCE9821DF214B3000FD386 /* OtherViewController.swift */; };
		90CCE9861DF214B3000FD386 /* Main.storyboard in Resources */ = {isa = PBXBuildFile; fileRef = 90CCE9841DF214B3000FD386 /* Main.storyboard */; };
		90CCE9881DF214B3000FD386 /* Assets.xcassets in Resources */ = {isa = PBXBuildFile; fileRef = 90CCE9871DF214B3000FD386 /* Assets.xcassets */; };
		90CCE98B1DF214B3000FD386 /* LaunchScreen.storyboard in Resources */ = {isa = PBXBuildFile; fileRef = 90CCE9891DF214B3000FD386 /* LaunchScreen.storyboard */; };
		90CCE99C1DF21625000FD386 /* CameraListItemModel.swift in Sources */ = {isa = PBXBuildFile; fileRef = 90CCE9931DF21625000FD386 /* CameraListItemModel.swift */; };
		90CCE99D1DF21625000FD386 /* CameraListResponseModel.swift in Sources */ = {isa = PBXBuildFile; fileRef = 90CCE9941DF21625000FD386 /* CameraListResponseModel.swift */; };
		90CCE99E1DF21625000FD386 /* CamAnnotationView.swift in Sources */ = {isa = PBXBuildFile; fileRef = 90CCE9961DF21625000FD386 /* CamAnnotationView.swift */; };
		90CCE99F1DF21625000FD386 /* CamAnnotationView.xib in Resources */ = {isa = PBXBuildFile; fileRef = 90CCE9971DF21625000FD386 /* CamAnnotationView.xib */; };
		90CCE9A01DF21625000FD386 /* CamCustomView.swift in Sources */ = {isa = PBXBuildFile; fileRef = 90CCE9981DF21625000FD386 /* CamCustomView.swift */; };
		90CCE9A11DF21625000FD386 /* CamCustomView.xib in Resources */ = {isa = PBXBuildFile; fileRef = 90CCE9991DF21625000FD386 /* CamCustomView.xib */; };
		90CCE9A21DF21625000FD386 /* CameraBottomView.swift in Sources */ = {isa = PBXBuildFile; fileRef = 90CCE99A1DF21625000FD386 /* CameraBottomView.swift */; };
		90CCE9A31DF21625000FD386 /* CameraBottomView.xib in Resources */ = {isa = PBXBuildFile; fileRef = 90CCE99B1DF21625000FD386 /* CameraBottomView.xib */; };
		90CCE9A61DF2169E000FD386 /* Constants.swift in Sources */ = {isa = PBXBuildFile; fileRef = 90CCE9A41DF2169E000FD386 /* Constants.swift */; };
		90CCE9A71DF2169E000FD386 /* GeoTools.swift in Sources */ = {isa = PBXBuildFile; fileRef = 90CCE9A51DF2169E000FD386 /* GeoTools.swift */; };
/* End PBXBuildFile section */

/* Begin PBXContainerItemProxy section */
		904A284F1E5E66E8009EF2B7 /* PBXContainerItemProxy */ = {
			isa = PBXContainerItemProxy;
			containerPortal = 90CCE9731DF214B3000FD386 /* Project object */;
			proxyType = 1;
			remoteGlobalIDString = 904A28411E5E66E8009EF2B7;
			remoteInfo = notification;
		};
/* End PBXContainerItemProxy section */

/* Begin PBXCopyFilesBuildPhase section */
		904A28551E5E66E8009EF2B7 /* Embed App Extensions */ = {
			isa = PBXCopyFilesBuildPhase;
			buildActionMask = 2147483647;
			dstPath = "";
			dstSubfolderSpec = 13;
			files = (
				904A28511E5E66E8009EF2B7 /* notification.appex in Embed App Extensions */,
			);
			name = "Embed App Extensions";
			runOnlyForDeploymentPostprocessing = 0;
		};
/* End PBXCopyFilesBuildPhase section */

/* Begin PBXFileReference section */
		904A28421E5E66E8009EF2B7 /* notification.appex */ = {isa = PBXFileReference; explicitFileType = "wrapper.app-extension"; includeInIndex = 0; path = notification.appex; sourceTree = BUILT_PRODUCTS_DIR; };
		904A28441E5E66E8009EF2B7 /* UserNotifications.framework */ = {isa = PBXFileReference; lastKnownFileType = wrapper.framework; name = UserNotifications.framework; path = System/Library/Frameworks/UserNotifications.framework; sourceTree = SDKROOT; };
		904A28461E5E66E8009EF2B7 /* UserNotificationsUI.framework */ = {isa = PBXFileReference; lastKnownFileType = wrapper.framework; name = UserNotificationsUI.framework; path = System/Library/Frameworks/UserNotificationsUI.framework; sourceTree = SDKROOT; };
		904A28491E5E66E8009EF2B7 /* NotificationViewController.swift */ = {isa = PBXFileReference; lastKnownFileType = sourcecode.swift; path = NotificationViewController.swift; sourceTree = "<group>"; };
		904A284C1E5E66E8009EF2B7 /* Base */ = {isa = PBXFileReference; lastKnownFileType = file.storyboard; name = Base; path = Base.lproj/MainInterface.storyboard; sourceTree = "<group>"; };
		904A284E1E5E66E8009EF2B7 /* Info.plist */ = {isa = PBXFileReference; lastKnownFileType = text.plist.xml; path = Info.plist; sourceTree = "<group>"; };
		90868EF21E9FFABD001E1798 /* CommonLocationManager.swift */ = {isa = PBXFileReference; fileEncoding = 4; lastKnownFileType = sourcecode.swift; path = CommonLocationManager.swift; sourceTree = "<group>"; };
		90A9EB201E6E049100C76B2C /* CameraAlertManager.swift */ = {isa = PBXFileReference; fileEncoding = 4; lastKnownFileType = sourcecode.swift; path = CameraAlertManager.swift; sourceTree = "<group>"; };
		90B8B2001E678F3F00A1AEF1 /* todo.txt */ = {isa = PBXFileReference; fileEncoding = 4; lastKnownFileType = text; path = todo.txt; sourceTree = "<group>"; };
		90CCE97B1DF214B3000FD386 /* anpg-radar.app */ = {isa = PBXFileReference; explicitFileType = wrapper.application; includeInIndex = 0; path = "anpg-radar.app"; sourceTree = BUILT_PRODUCTS_DIR; };
		90CCE97E1DF214B3000FD386 /* AppDelegate.swift */ = {isa = PBXFileReference; lastKnownFileType = sourcecode.swift; path = AppDelegate.swift; sourceTree = "<group>"; };
		90CCE9801DF214B3000FD386 /* MapViewController.swift */ = {isa = PBXFileReference; lastKnownFileType = sourcecode.swift; path = MapViewController.swift; sourceTree = "<group>"; };
		90CCE9821DF214B3000FD386 /* OtherViewController.swift */ = {isa = PBXFileReference; lastKnownFileType = sourcecode.swift; path = OtherViewController.swift; sourceTree = "<group>"; };
		90CCE9851DF214B3000FD386 /* Base */ = {isa = PBXFileReference; lastKnownFileType = file.storyboard; name = Base; path = Base.lproj/Main.storyboard; sourceTree = "<group>"; };
		90CCE9871DF214B3000FD386 /* Assets.xcassets */ = {isa = PBXFileReference; lastKnownFileType = folder.assetcatalog; path = Assets.xcassets; sourceTree = "<group>"; };
		90CCE98A1DF214B3000FD386 /* Base */ = {isa = PBXFileReference; lastKnownFileType = file.storyboard; name = Base; path = Base.lproj/LaunchScreen.storyboard; sourceTree = "<group>"; };
		90CCE98C1DF214B3000FD386 /* Info.plist */ = {isa = PBXFileReference; lastKnownFileType = text.plist.xml; path = Info.plist; sourceTree = "<group>"; };
		90CCE9931DF21625000FD386 /* CameraListItemModel.swift */ = {isa = PBXFileReference; fileEncoding = 4; lastKnownFileType = sourcecode.swift; path = CameraListItemModel.swift; sourceTree = "<group>"; };
		90CCE9941DF21625000FD386 /* CameraListResponseModel.swift */ = {isa = PBXFileReference; fileEncoding = 4; lastKnownFileType = sourcecode.swift; path = CameraListResponseModel.swift; sourceTree = "<group>"; };
		90CCE9961DF21625000FD386 /* CamAnnotationView.swift */ = {isa = PBXFileReference; fileEncoding = 4; lastKnownFileType = sourcecode.swift; path = CamAnnotationView.swift; sourceTree = "<group>"; };
		90CCE9971DF21625000FD386 /* CamAnnotationView.xib */ = {isa = PBXFileReference; fileEncoding = 4; lastKnownFileType = file.xib; path = CamAnnotationView.xib; sourceTree = "<group>"; };
		90CCE9981DF21625000FD386 /* CamCustomView.swift */ = {isa = PBXFileReference; fileEncoding = 4; lastKnownFileType = sourcecode.swift; path = CamCustomView.swift; sourceTree = "<group>"; };
		90CCE9991DF21625000FD386 /* CamCustomView.xib */ = {isa = PBXFileReference; fileEncoding = 4; lastKnownFileType = file.xib; path = CamCustomView.xib; sourceTree = "<group>"; };
		90CCE99A1DF21625000FD386 /* CameraBottomView.swift */ = {isa = PBXFileReference; fileEncoding = 4; lastKnownFileType = sourcecode.swift; path = CameraBottomView.swift; sourceTree = "<group>"; };
		90CCE99B1DF21625000FD386 /* CameraBottomView.xib */ = {isa = PBXFileReference; fileEncoding = 4; lastKnownFileType = file.xib; path = CameraBottomView.xib; sourceTree = "<group>"; };
		90CCE9A41DF2169E000FD386 /* Constants.swift */ = {isa = PBXFileReference; fileEncoding = 4; lastKnownFileType = sourcecode.swift; path = Constants.swift; sourceTree = "<group>"; };
		90CCE9A51DF2169E000FD386 /* GeoTools.swift */ = {isa = PBXFileReference; fileEncoding = 4; lastKnownFileType = sourcecode.swift; path = GeoTools.swift; sourceTree = "<group>"; };
/* End PBXFileReference section */

/* Begin PBXFrameworksBuildPhase section */
		904A283F1E5E66E8009EF2B7 /* Frameworks */ = {
			isa = PBXFrameworksBuildPhase;
			buildActionMask = 2147483647;
			files = (
				904A28471E5E66E8009EF2B7 /* UserNotificationsUI.framework in Frameworks */,
				904A28451E5E66E8009EF2B7 /* UserNotifications.framework in Frameworks */,
			);
			runOnlyForDeploymentPostprocessing = 0;
		};
		90CCE9781DF214B3000FD386 /* Frameworks */ = {
			isa = PBXFrameworksBuildPhase;
			buildActionMask = 2147483647;
			files = (
			);
			runOnlyForDeploymentPostprocessing = 0;
		};
/* End PBXFrameworksBuildPhase section */

/* Begin PBXGroup section */
		904A28431E5E66E8009EF2B7 /* Frameworks */ = {
			isa = PBXGroup;
			children = (
				904A28441E5E66E8009EF2B7 /* UserNotifications.framework */,
				904A28461E5E66E8009EF2B7 /* UserNotificationsUI.framework */,
			);
			name = Frameworks;
			sourceTree = "<group>";
		};
		904A28481E5E66E8009EF2B7 /* notification */ = {
			isa = PBXGroup;
			children = (
				904A28491E5E66E8009EF2B7 /* NotificationViewController.swift */,
				904A284B1E5E66E8009EF2B7 /* MainInterface.storyboard */,
				904A284E1E5E66E8009EF2B7 /* Info.plist */,
			);
			path = notification;
			sourceTree = "<group>";
		};
		90CCE9721DF214B3000FD386 = {
			isa = PBXGroup;
			children = (
				90CCE97D1DF214B3000FD386 /* anpg-radar */,
				904A28481E5E66E8009EF2B7 /* notification */,
				904A28431E5E66E8009EF2B7 /* Frameworks */,
				90CCE97C1DF214B3000FD386 /* Products */,
			);
			sourceTree = "<group>";
		};
		90CCE97C1DF214B3000FD386 /* Products */ = {
			isa = PBXGroup;
			children = (
				90CCE97B1DF214B3000FD386 /* anpg-radar.app */,
				904A28421E5E66E8009EF2B7 /* notification.appex */,
			);
			name = Products;
			sourceTree = "<group>";
		};
		90CCE97D1DF214B3000FD386 /* anpg-radar */ = {
			isa = PBXGroup;
			children = (
				90CCE97E1DF214B3000FD386 /* AppDelegate.swift */,
				90CCE9871DF214B3000FD386 /* Assets.xcassets */,
				90A9EB201E6E049100C76B2C /* CameraAlertManager.swift */,
				90868EF21E9FFABD001E1798 /* CommonLocationManager.swift */,
				90CCE9A41DF2169E000FD386 /* Constants.swift */,
				90CCE9801DF214B3000FD386 /* MapViewController.swift */,
				90CCE9A51DF2169E000FD386 /* GeoTools.swift */,
				90CCE98C1DF214B3000FD386 /* Info.plist */,
				90CCE9891DF214B3000FD386 /* LaunchScreen.storyboard */,
				90CCE9841DF214B3000FD386 /* Main.storyboard */,
				90CCE9921DF21625000FD386 /* Model */,
				90CCE9821DF214B3000FD386 /* OtherViewController.swift */,
				90B8B2001E678F3F00A1AEF1 /* todo.txt */,
				90CCE9951DF21625000FD386 /* View */,
			);
			path = "anpg-radar";
			sourceTree = "<group>";
		};
		90CCE9921DF21625000FD386 /* Model */ = {
			isa = PBXGroup;
			children = (
				90CCE9931DF21625000FD386 /* CameraListItemModel.swift */,
				90CCE9941DF21625000FD386 /* CameraListResponseModel.swift */,
			);
			path = Model;
			sourceTree = "<group>";
		};
		90CCE9951DF21625000FD386 /* View */ = {
			isa = PBXGroup;
			children = (
				90CCE9961DF21625000FD386 /* CamAnnotationView.swift */,
				90CCE9971DF21625000FD386 /* CamAnnotationView.xib */,
				90CCE9981DF21625000FD386 /* CamCustomView.swift */,
				90CCE9991DF21625000FD386 /* CamCustomView.xib */,
				90CCE99A1DF21625000FD386 /* CameraBottomView.swift */,
				90CCE99B1DF21625000FD386 /* CameraBottomView.xib */,
			);
			path = View;
			sourceTree = "<group>";
		};
/* End PBXGroup section */

/* Begin PBXNativeTarget section */
		904A28411E5E66E8009EF2B7 /* notification */ = {
			isa = PBXNativeTarget;
			buildConfigurationList = 904A28521E5E66E8009EF2B7 /* Build configuration list for PBXNativeTarget "notification" */;
			buildPhases = (
				904A283E1E5E66E8009EF2B7 /* Sources */,
				904A283F1E5E66E8009EF2B7 /* Frameworks */,
				904A28401E5E66E8009EF2B7 /* Resources */,
			);
			buildRules = (
			);
			dependencies = (
			);
			name = notification;
			productName = notification;
			productReference = 904A28421E5E66E8009EF2B7 /* notification.appex */;
			productType = "com.apple.product-type.app-extension";
		};
		90CCE97A1DF214B3000FD386 /* anpg-radar */ = {
			isa = PBXNativeTarget;
			buildConfigurationList = 90CCE98F1DF214B3000FD386 /* Build configuration list for PBXNativeTarget "anpg-radar" */;
			buildPhases = (
				90CCE9771DF214B3000FD386 /* Sources */,
				90CCE9781DF214B3000FD386 /* Frameworks */,
				90CCE9791DF214B3000FD386 /* Resources */,
				904A28551E5E66E8009EF2B7 /* Embed App Extensions */,
			);
			buildRules = (
			);
			dependencies = (
				904A28501E5E66E8009EF2B7 /* PBXTargetDependency */,
			);
			name = "anpg-radar";
			productName = "anpg-radar";
			productReference = 90CCE97B1DF214B3000FD386 /* anpg-radar.app */;
			productType = "com.apple.product-type.application";
		};
/* End PBXNativeTarget section */

/* Begin PBXProject section */
		90CCE9731DF214B3000FD386 /* Project object */ = {
			isa = PBXProject;
			attributes = {
				LastSwiftUpdateCheck = 0820;
				LastUpgradeCheck = 0810;
				ORGANIZATIONNAME = "Esben von Buchwald";
				TargetAttributes = {
					904A28411E5E66E8009EF2B7 = {
						CreatedOnToolsVersion = 8.2.1;
						DevelopmentTeam = WHQ3KJUC5S;
						ProvisioningStyle = Automatic;
					};
					90CCE97A1DF214B3000FD386 = {
						CreatedOnToolsVersion = 8.1;
						DevelopmentTeam = WHQ3KJUC5S;
						ProvisioningStyle = Automatic;
						SystemCapabilities = {
							com.apple.BackgroundModes = {
								enabled = 1;
							};
						};
					};
				};
			};
			buildConfigurationList = 90CCE9761DF214B3000FD386 /* Build configuration list for PBXProject "anpg-radar" */;
			compatibilityVersion = "Xcode 3.2";
			developmentRegion = English;
			hasScannedForEncodings = 0;
			knownRegions = (
				en,
				Base,
			);
			mainGroup = 90CCE9721DF214B3000FD386;
			productRefGroup = 90CCE97C1DF214B3000FD386 /* Products */;
			projectDirPath = "";
			projectRoot = "";
			targets = (
				90CCE97A1DF214B3000FD386 /* anpg-radar */,
				904A28411E5E66E8009EF2B7 /* notification */,
			);
		};
/* End PBXProject section */

/* Begin PBXResourcesBuildPhase section */
		904A28401E5E66E8009EF2B7 /* Resources */ = {
			isa = PBXResourcesBuildPhase;
			buildActionMask = 2147483647;
			files = (
				904A284D1E5E66E8009EF2B7 /* MainInterface.storyboard in Resources */,
			);
			runOnlyForDeploymentPostprocessing = 0;
		};
		90CCE9791DF214B3000FD386 /* Resources */ = {
			isa = PBXResourcesBuildPhase;
			buildActionMask = 2147483647;
			files = (
				90CCE98B1DF214B3000FD386 /* LaunchScreen.storyboard in Resources */,
				90CCE99F1DF21625000FD386 /* CamAnnotationView.xib in Resources */,
				90CCE9A31DF21625000FD386 /* CameraBottomView.xib in Resources */,
				90CCE9A11DF21625000FD386 /* CamCustomView.xib in Resources */,
				90B8B2011E678F3F00A1AEF1 /* todo.txt in Resources */,
				90CCE9881DF214B3000FD386 /* Assets.xcassets in Resources */,
				90CCE9861DF214B3000FD386 /* Main.storyboard in Resources */,
			);
			runOnlyForDeploymentPostprocessing = 0;
		};
/* End PBXResourcesBuildPhase section */

/* Begin PBXSourcesBuildPhase section */
		904A283E1E5E66E8009EF2B7 /* Sources */ = {
			isa = PBXSourcesBuildPhase;
			buildActionMask = 2147483647;
			files = (
				904A284A1E5E66E8009EF2B7 /* NotificationViewController.swift in Sources */,
			);
			runOnlyForDeploymentPostprocessing = 0;
		};
		90CCE9771DF214B3000FD386 /* Sources */ = {
			isa = PBXSourcesBuildPhase;
			buildActionMask = 2147483647;
			files = (
				90CCE9831DF214B3000FD386 /* OtherViewController.swift in Sources */,
				90CCE99E1DF21625000FD386 /* CamAnnotationView.swift in Sources */,
				90CCE9A21DF21625000FD386 /* CameraBottomView.swift in Sources */,
				90A9EB211E6E049100C76B2C /* CameraAlertManager.swift in Sources */,
				90CCE9A01DF21625000FD386 /* CamCustomView.swift in Sources */,
				90CCE99D1DF21625000FD386 /* CameraListResponseModel.swift in Sources */,
				90CCE99C1DF21625000FD386 /* CameraListItemModel.swift in Sources */,
				90CCE97F1DF214B3000FD386 /* AppDelegate.swift in Sources */,
				90CCE9811DF214B3000FD386 /* MapViewController.swift in Sources */,
				90CCE9A61DF2169E000FD386 /* Constants.swift in Sources */,
				90CCE9A71DF2169E000FD386 /* GeoTools.swift in Sources */,
				90868EF31E9FFABD001E1798 /* CommonLocationManager.swift in Sources */,
			);
			runOnlyForDeploymentPostprocessing = 0;
		};
/* End PBXSourcesBuildPhase section */

/* Begin PBXTargetDependency section */
		904A28501E5E66E8009EF2B7 /* PBXTargetDependency */ = {
			isa = PBXTargetDependency;
			target = 904A28411E5E66E8009EF2B7 /* notification */;
			targetProxy = 904A284F1E5E66E8009EF2B7 /* PBXContainerItemProxy */;
		};
/* End PBXTargetDependency section */

/* Begin PBXVariantGroup section */
		904A284B1E5E66E8009EF2B7 /* MainInterface.storyboard */ = {
			isa = PBXVariantGroup;
			children = (
				904A284C1E5E66E8009EF2B7 /* Base */,
			);
			name = MainInterface.storyboard;
			sourceTree = "<group>";
		};
		90CCE9841DF214B3000FD386 /* Main.storyboard */ = {
			isa = PBXVariantGroup;
			children = (
				90CCE9851DF214B3000FD386 /* Base */,
			);
			name = Main.storyboard;
			sourceTree = "<group>";
		};
		90CCE9891DF214B3000FD386 /* LaunchScreen.storyboard */ = {
			isa = PBXVariantGroup;
			children = (
				90CCE98A1DF214B3000FD386 /* Base */,
			);
			name = LaunchScreen.storyboard;
			sourceTree = "<group>";
		};
/* End PBXVariantGroup section */

/* Begin XCBuildConfiguration section */
		904A28531E5E66E8009EF2B7 /* Debug */ = {
			isa = XCBuildConfiguration;
			buildSettings = {
				CLANG_WARN_SUSPICIOUS_MOVE = YES;
				DEVELOPMENT_TEAM = WHQ3KJUC5S;
				INFOPLIST_FILE = notification/Info.plist;
				IPHONEOS_DEPLOYMENT_TARGET = 10.2;
				LD_RUNPATH_SEARCH_PATHS = "$(inherited) @executable_path/Frameworks @executable_path/../../Frameworks";
				PRODUCT_BUNDLE_IDENTIFIER = "dk.vonbuchwald.esben.anpg-radar.notification";
				PRODUCT_NAME = "$(TARGET_NAME)";
				SKIP_INSTALL = YES;
				SWIFT_VERSION = 3.0;
			};
			name = Debug;
		};
		904A28541E5E66E8009EF2B7 /* Release */ = {
			isa = XCBuildConfiguration;
			buildSettings = {
				CLANG_WARN_SUSPICIOUS_MOVE = YES;
				DEVELOPMENT_TEAM = WHQ3KJUC5S;
				INFOPLIST_FILE = notification/Info.plist;
				IPHONEOS_DEPLOYMENT_TARGET = 10.2;
				LD_RUNPATH_SEARCH_PATHS = "$(inherited) @executable_path/Frameworks @executable_path/../../Frameworks";
				PRODUCT_BUNDLE_IDENTIFIER = "dk.vonbuchwald.esben.anpg-radar.notification";
				PRODUCT_NAME = "$(TARGET_NAME)";
				SKIP_INSTALL = YES;
				SWIFT_VERSION = 3.0;
			};
			name = Release;
		};
		90CCE98D1DF214B3000FD386 /* Debug */ = {
			isa = XCBuildConfiguration;
			buildSettings = {
				ALWAYS_SEARCH_USER_PATHS = NO;
				CLANG_ANALYZER_NONNULL = YES;
				CLANG_CXX_LANGUAGE_STANDARD = "gnu++0x";
				CLANG_CXX_LIBRARY = "libc++";
				CLANG_ENABLE_MODULES = YES;
				CLANG_ENABLE_OBJC_ARC = YES;
				CLANG_WARN_BOOL_CONVERSION = YES;
				CLANG_WARN_CONSTANT_CONVERSION = YES;
				CLANG_WARN_DIRECT_OBJC_ISA_USAGE = YES_ERROR;
				CLANG_WARN_DOCUMENTATION_COMMENTS = YES;
				CLANG_WARN_EMPTY_BODY = YES;
				CLANG_WARN_ENUM_CONVERSION = YES;
				CLANG_WARN_INFINITE_RECURSION = YES;
				CLANG_WARN_INT_CONVERSION = YES;
				CLANG_WARN_OBJC_ROOT_CLASS = YES_ERROR;
				CLANG_WARN_SUSPICIOUS_MOVES = YES;
				CLANG_WARN_UNREACHABLE_CODE = YES;
				CLANG_WARN__DUPLICATE_METHOD_MATCH = YES;
				"CODE_SIGN_IDENTITY[sdk=iphoneos*]" = "iPhone Developer";
				COPY_PHASE_STRIP = NO;
				DEBUG_INFORMATION_FORMAT = dwarf;
				ENABLE_STRICT_OBJC_MSGSEND = YES;
				ENABLE_TESTABILITY = YES;
				GCC_C_LANGUAGE_STANDARD = gnu99;
				GCC_DYNAMIC_NO_PIC = NO;
				GCC_NO_COMMON_BLOCKS = YES;
				GCC_OPTIMIZATION_LEVEL = 0;
				GCC_PREPROCESSOR_DEFINITIONS = (
					"DEBUG=1",
					"$(inherited)",
				);
				GCC_WARN_64_TO_32_BIT_CONVERSION = YES;
				GCC_WARN_ABOUT_RETURN_TYPE = YES_ERROR;
				GCC_WARN_UNDECLARED_SELECTOR = YES;
				GCC_WARN_UNINITIALIZED_AUTOS = YES_AGGRESSIVE;
				GCC_WARN_UNUSED_FUNCTION = YES;
				GCC_WARN_UNUSED_VARIABLE = YES;
				IPHONEOS_DEPLOYMENT_TARGET = 10.1;
				MTL_ENABLE_DEBUG_INFO = YES;
				ONLY_ACTIVE_ARCH = YES;
				SDKROOT = iphoneos;
				SWIFT_ACTIVE_COMPILATION_CONDITIONS = DEBUG;
				SWIFT_OPTIMIZATION_LEVEL = "-Onone";
				TARGETED_DEVICE_FAMILY = "1,2";
			};
			name = Debug;
		};
		90CCE98E1DF214B3000FD386 /* Release */ = {
			isa = XCBuildConfiguration;
			buildSettings = {
				ALWAYS_SEARCH_USER_PATHS = NO;
				CLANG_ANALYZER_NONNULL = YES;
				CLANG_CXX_LANGUAGE_STANDARD = "gnu++0x";
				CLANG_CXX_LIBRARY = "libc++";
				CLANG_ENABLE_MODULES = YES;
				CLANG_ENABLE_OBJC_ARC = YES;
				CLANG_WARN_BOOL_CONVERSION = YES;
				CLANG_WARN_CONSTANT_CONVERSION = YES;
				CLANG_WARN_DIRECT_OBJC_ISA_USAGE = YES_ERROR;
				CLANG_WARN_DOCUMENTATION_COMMENTS = YES;
				CLANG_WARN_EMPTY_BODY = YES;
				CLANG_WARN_ENUM_CONVERSION = YES;
				CLANG_WARN_INFINITE_RECURSION = YES;
				CLANG_WARN_INT_CONVERSION = YES;
				CLANG_WARN_OBJC_ROOT_CLASS = YES_ERROR;
				CLANG_WARN_SUSPICIOUS_MOVES = YES;
				CLANG_WARN_UNREACHABLE_CODE = YES;
				CLANG_WARN__DUPLICATE_METHOD_MATCH = YES;
				"CODE_SIGN_IDENTITY[sdk=iphoneos*]" = "iPhone Developer";
				COPY_PHASE_STRIP = NO;
				DEBUG_INFORMATION_FORMAT = "dwarf-with-dsym";
				ENABLE_NS_ASSERTIONS = NO;
				ENABLE_STRICT_OBJC_MSGSEND = YES;
				GCC_C_LANGUAGE_STANDARD = gnu99;
				GCC_NO_COMMON_BLOCKS = YES;
				GCC_WARN_64_TO_32_BIT_CONVERSION = YES;
				GCC_WARN_ABOUT_RETURN_TYPE = YES_ERROR;
				GCC_WARN_UNDECLARED_SELECTOR = YES;
				GCC_WARN_UNINITIALIZED_AUTOS = YES_AGGRESSIVE;
				GCC_WARN_UNUSED_FUNCTION = YES;
				GCC_WARN_UNUSED_VARIABLE = YES;
				IPHONEOS_DEPLOYMENT_TARGET = 10.1;
				MTL_ENABLE_DEBUG_INFO = NO;
				SDKROOT = iphoneos;
				SWIFT_OPTIMIZATION_LEVEL = "-Owholemodule";
				TARGETED_DEVICE_FAMILY = "1,2";
				VALIDATE_PRODUCT = YES;
			};
			name = Release;
		};
		90CCE9901DF214B3000FD386 /* Debug */ = {
			isa = XCBuildConfiguration;
			buildSettings = {
				ALWAYS_EMBED_SWIFT_STANDARD_LIBRARIES = YES;
				ASSETCATALOG_COMPILER_APPICON_NAME = AppIcon;
				"CODE_SIGN_IDENTITY[sdk=iphoneos*]" = "iPhone Developer";
				DEVELOPMENT_TEAM = WHQ3KJUC5S;
				INFOPLIST_FILE = "anpg-radar/Info.plist";
				LD_RUNPATH_SEARCH_PATHS = "$(inherited) @executable_path/Frameworks";
				PRODUCT_BUNDLE_IDENTIFIER = "dk.vonbuchwald.esben.anpg-radar";
				PRODUCT_NAME = "$(TARGET_NAME)";
				SWIFT_VERSION = 3.0;
			};
			name = Debug;
		};
		90CCE9911DF214B3000FD386 /* Release */ = {
			isa = XCBuildConfiguration;
			buildSettings = {
				ALWAYS_EMBED_SWIFT_STANDARD_LIBRARIES = YES;
				ASSETCATALOG_COMPILER_APPICON_NAME = AppIcon;
				"CODE_SIGN_IDENTITY[sdk=iphoneos*]" = "iPhone Developer";
				DEVELOPMENT_TEAM = WHQ3KJUC5S;
				INFOPLIST_FILE = "anpg-radar/Info.plist";
				LD_RUNPATH_SEARCH_PATHS = "$(inherited) @executable_path/Frameworks";
				PRODUCT_BUNDLE_IDENTIFIER = "dk.vonbuchwald.esben.anpg-radar";
				PRODUCT_NAME = "$(TARGET_NAME)";
				SWIFT_VERSION = 3.0;
			};
			name = Release;
		};
/* End XCBuildConfiguration section */

/* Begin XCConfigurationList section */
		904A28521E5E66E8009EF2B7 /* Build configuration list for PBXNativeTarget "notification" */ = {
			isa = XCConfigurationList;
			buildConfigurations = (
				904A28531E5E66E8009EF2B7 /* Debug */,
				904A28541E5E66E8009EF2B7 /* Release */,
			);
			defaultConfigurationIsVisible = 0;
			defaultConfigurationName = Release;
		};
		90CCE9761DF214B3000FD386 /* Build configuration list for PBXProject "anpg-radar" */ = {
			isa = XCConfigurationList;
			buildConfigurations = (
				90CCE98D1DF214B3000FD386 /* Debug */,
				90CCE98E1DF214B3000FD386 /* Release */,
			);
			defaultConfigurationIsVisible = 0;
			defaultConfigurationName = Release;
		};
		90CCE98F1DF214B3000FD386 /* Build configuration list for PBXNativeTarget "anpg-radar" */ = {
			isa = XCConfigurationList;
			buildConfigurations = (
				90CCE9901DF214B3000FD386 /* Debug */,
				90CCE9911DF214B3000FD386 /* Release */,
			);
			defaultConfigurationIsVisible = 0;
			defaultConfigurationName = Release;
		};
/* End XCConfigurationList section */
	};
	rootObject = 90CCE9731DF214B3000FD386 /* Project object */;
}
